# This file is generated by running "yarn install" inside your project.
# Manual changes might be lost - proceed with caution!

__metadata:
  version: 6

"core@workspace:packages/core":
  version: 0.0.0-use.local
  resolution: "core@workspace:packages/core"
  dependencies:
    utils: "workspace:^"
  languageName: unknown
  linkType: soft

"utils@workspace:^, utils@workspace:packages/utils":
  version: 0.0.0-use.local
  resolution: "utils@workspace:packages/utils"
  languageName: unknown
  linkType: soft

"yarn-workspace@workspace:.":
  version: 0.0.0-use.local
  resolution: "yarn-workspace@workspace:."
  languageName: unknown
  linkType: soft
